
Microsoft Visual Studio Solution File, Format Version 12.00
# Visual Studio Version 17
VisualStudioVersion = 17.5.002.0
MinimumVisualStudioVersion = 10.0.40219.1
Project("{9A19103F-16F7-4668-BE54-9A1E7A4F7556}") = "Atividade 1", "Atividade 1.csproj", "{5A7DB148-6C36-4FB1-A160-DD63A15BD7CD}"
EndProject
Global
	GlobalSection(SolutionConfigurationPlatforms) = preSolution
		Debug|Any CPU = Debug|Any CPU
		Release|Any CPU = Release|Any CPU
	EndGlobalSection
	GlobalSection(ProjectConfigurationPlatforms) = postSolution
		{5A7DB148-6C36-4FB1-A160-DD63A15BD7CD}.Debug|Any CPU.ActiveCfg = Debug|Any CPU
		{5A7DB148-6C36-4FB1-A160-DD63A15BD7CD}.Debug|Any CPU.Build.0 = Debug|Any CPU
		{5A7DB148-6C36-4FB1-A160-DD63A15BD7CD}.Release|Any CPU.ActiveCfg = Release|Any CPU
		{5A7DB148-6C36-4FB1-A160-DD63A15BD7CD}.Release|Any CPU.Build.0 = Release|Any CPU
	EndGlobalSection
	GlobalSection(SolutionProperties) = preSolution
		HideSolutionNode = FALSE
	EndGlobalSection
	GlobalSection(ExtensibilityGlobals) = postSolution
		SolutionGuid = {2A7C70CE-263A-4953-A57D-6B8A70609A9A}
	EndGlobalSection
EndGlobal
